
Microsoft Visual Studio Solution File, Format Version 12.00
# Visual Studio Version 17
VisualStudioVersion = 17.0.32112.339
MinimumVisualStudioVersion = 10.0.40219.1
Project("{9A19103F-16F7-4668-BE54-9A1E7A4F7556}") = "qckdev.Net.Http", "qckdev.Net.Http\qckdev.Net.Http.csproj", "{2CE9F1F5-0AC9-4F27-B3D7-5BAE36951FBD}"
EndProject
Project("{9A19103F-16F7-4668-BE54-9A1E7A4F7556}") = "qckdev.Net.Http.Test", "qckdev.Net.Http.Test\qckdev.Net.Http.Test.csproj", "{EA0A4A51-AA57-4607-A00C-A4DE2C0D647B}"
EndProject
Project("{9A19103F-16F7-4668-BE54-9A1E7A4F7556}") = "qckdev.Net.Http.Test.Common", "qckdev.Net.Http.Test.Common\qckdev.Net.Http.Test.Common.csproj", "{BEE7F5E6-725E-4DDF-839F-6DAD57E860D0}"
EndProject
Project("{9A19103F-16F7-4668-BE54-9A1E7A4F7556}") = "qckdev.Net.Http.Exceptions", "qckdev.Net.Http.Exceptions\qckdev.Net.Http.Exceptions.csproj", "{C7A51FAC-4BF9-4F88-93BE-408B04F2AE5E}"
EndProject
Global
	GlobalSection(SolutionConfigurationPlatforms) = preSolution
		Debug|Any CPU = Debug|Any CPU
		Release|Any CPU = Release|Any CPU
	EndGlobalSection
	GlobalSection(ProjectConfigurationPlatforms) = postSolution
		{2CE9F1F5-0AC9-4F27-B3D7-5BAE36951FBD}.Debug|Any CPU.ActiveCfg = Debug|Any CPU
		{2CE9F1F5-0AC9-4F27-B3D7-5BAE36951FBD}.Debug|Any CPU.Build.0 = Debug|Any CPU
		{2CE9F1F5-0AC9-4F27-B3D7-5BAE36951FBD}.Release|Any CPU.ActiveCfg = Release|Any CPU
		{2CE9F1F5-0AC9-4F27-B3D7-5BAE36951FBD}.Release|Any CPU.Build.0 = Release|Any CPU
		{EA0A4A51-AA57-4607-A00C-A4DE2C0D647B}.Debug|Any CPU.ActiveCfg = Debug|Any CPU
		{EA0A4A51-AA57-4607-A00C-A4DE2C0D647B}.Debug|Any CPU.Build.0 = Debug|Any CPU
		{EA0A4A51-AA57-4607-A00C-A4DE2C0D647B}.Release|Any CPU.ActiveCfg = Release|Any CPU
		{EA0A4A51-AA57-4607-A00C-A4DE2C0D647B}.Release|Any CPU.Build.0 = Release|Any CPU
		{BEE7F5E6-725E-4DDF-839F-6DAD57E860D0}.Debug|Any CPU.ActiveCfg = Debug|Any CPU
		{BEE7F5E6-725E-4DDF-839F-6DAD57E860D0}.Debug|Any CPU.Build.0 = Debug|Any CPU
		{BEE7F5E6-725E-4DDF-839F-6DAD57E860D0}.Release|Any CPU.ActiveCfg = Release|Any CPU
		{BEE7F5E6-725E-4DDF-839F-6DAD57E860D0}.Release|Any CPU.Build.0 = Release|Any CPU
		{C7A51FAC-4BF9-4F88-93BE-408B04F2AE5E}.Debug|Any CPU.ActiveCfg = Debug|Any CPU
		{C7A51FAC-4BF9-4F88-93BE-408B04F2AE5E}.Debug|Any CPU.Build.0 = Debug|Any CPU
		{C7A51FAC-4BF9-4F88-93BE-408B04F2AE5E}.Release|Any CPU.ActiveCfg = Release|Any CPU
		{C7A51FAC-4BF9-4F88-93BE-408B04F2AE5E}.Release|Any CPU.Build.0 = Release|Any CPU
	EndGlobalSection
	GlobalSection(SolutionProperties) = preSolution
		HideSolutionNode = FALSE
	EndGlobalSection
	GlobalSection(ExtensibilityGlobals) = postSolution
		SolutionGuid = {4F38FF2F-E4CF-4807-AB95-D0AD86A275BF}
	EndGlobalSection
EndGlobal
